// !$*UTF8*$!
{
	archiveVersion = 1;
	classes = {
	};
	objectVersion = 48;
	objects = {

/* Begin PBXBuildFile section */
		22DEC68C9599669BB0886F43 /* Pods_AnyTimeTests.framework in Frameworks */ = {isa = PBXBuildFile; fileRef = 93776C7A6C2C5441B909D6BD /* Pods_AnyTimeTests.framework */; };
		BB1C59851F7688F000808529 /* AppDelegate.swift in Sources */ = {isa = PBXBuildFile; fileRef = BB1C59841F7688F000808529 /* AppDelegate.swift */; };
		BB1C59871F7688F000808529 /* GlanceViewController.swift in Sources */ = {isa = PBXBuildFile; fileRef = BB1C59861F7688F000808529 /* GlanceViewController.swift */; };
		BB1C598C1F7688F000808529 /* Assets.xcassets in Resources */ = {isa = PBXBuildFile; fileRef = BB1C598B1F7688F000808529 /* Assets.xcassets */; };
		BB1C598F1F7688F000808529 /* LaunchScreen.storyboard in Resources */ = {isa = PBXBuildFile; fileRef = BB1C598D1F7688F000808529 /* LaunchScreen.storyboard */; };
		BB1C599A1F7688F000808529 /* AnyTimeTests.swift in Sources */ = {isa = PBXBuildFile; fileRef = BB1C59991F7688F000808529 /* AnyTimeTests.swift */; };
		BB5BBA191F774E1300C87688 /* Defaults.swift in Sources */ = {isa = PBXBuildFile; fileRef = BB5BBA181F774E1300C87688 /* Defaults.swift */; };
		BB5BBA1B1F7755B500C87688 /* UIView+Frame.swift in Sources */ = {isa = PBXBuildFile; fileRef = BB5BBA1A1F7755B500C87688 /* UIView+Frame.swift */; };
		BB5BBA1D1F778F4100C87688 /* TimeZoneCell.swift in Sources */ = {isa = PBXBuildFile; fileRef = BB5BBA1C1F778F4100C87688 /* TimeZoneCell.swift */; };
		BB95E0651F789E5500858FD9 /* TimeZone+Offset.swift in Sources */ = {isa = PBXBuildFile; fileRef = BB95E0641F789E5500858FD9 /* TimeZone+Offset.swift */; };
		BB95E0671F78A8E700858FD9 /* TimeZoneItem.swift in Sources */ = {isa = PBXBuildFile; fileRef = BB95E0661F78A8E700858FD9 /* TimeZoneItem.swift */; };
		BB95E0691F78B6D800858FD9 /* DispatchQueue+Utils.swift in Sources */ = {isa = PBXBuildFile; fileRef = BB95E0681F78B6D800858FD9 /* DispatchQueue+Utils.swift */; };
		BBE5E5FE1F779FCB00A9F715 /* StepCollectionViewFlowLayout.swift in Sources */ = {isa = PBXBuildFile; fileRef = BBE5E5FB1F779FCB00A9F715 /* StepCollectionViewFlowLayout.swift */; };
		BBE5E5FF1F779FCB00A9F715 /* DateTimePicker.swift in Sources */ = {isa = PBXBuildFile; fileRef = BBE5E5FC1F779FCB00A9F715 /* DateTimePicker.swift */; };
		BBE5E6001F779FCB00A9F715 /* DateCollectionViewCell.swift in Sources */ = {isa = PBXBuildFile; fileRef = BBE5E5FD1F779FCB00A9F715 /* DateCollectionViewCell.swift */; };
		BBE5E6051F77E83200A9F715 /* Array+Swap.swift in Sources */ = {isa = PBXBuildFile; fileRef = BBE5E6041F77E83200A9F715 /* Array+Swap.swift */; };
		BBE5E6071F7883E200A9F715 /* TimezonesViewController.swift in Sources */ = {isa = PBXBuildFile; fileRef = BBE5E6061F7883E200A9F715 /* TimezonesViewController.swift */; };
		BBE5E6091F7883EE00A9F715 /* SettingsViewController.swift in Sources */ = {isa = PBXBuildFile; fileRef = BBE5E6081F7883EE00A9F715 /* SettingsViewController.swift */; };
		E395941816C98D44E9E9796F /* Pods_AnyTime.framework in Frameworks */ = {isa = PBXBuildFile; fileRef = 60E57975B65C320023AD224F /* Pods_AnyTime.framework */; };
/* End PBXBuildFile section */

/* Begin PBXContainerItemProxy section */
		BB1C59961F7688F000808529 /* PBXContainerItemProxy */ = {
			isa = PBXContainerItemProxy;
			containerPortal = BB1C59791F7688F000808529 /* Project object */;
			proxyType = 1;
			remoteGlobalIDString = BB1C59801F7688F000808529;
			remoteInfo = AnyTime;
		};
/* End PBXContainerItemProxy section */

/* Begin PBXFileReference section */
		20CB0512E459A19C3444A8CC /* Pods-AnyTimeTests.release.xcconfig */ = {isa = PBXFileReference; includeInIndex = 1; lastKnownFileType = text.xcconfig; name = "Pods-AnyTimeTests.release.xcconfig"; path = "Pods/Target Support Files/Pods-AnyTimeTests/Pods-AnyTimeTests.release.xcconfig"; sourceTree = "<group>"; };
		25C6351D94FA2885C0F76D4D /* Pods-AnyTime.debug.xcconfig */ = {isa = PBXFileReference; includeInIndex = 1; lastKnownFileType = text.xcconfig; name = "Pods-AnyTime.debug.xcconfig"; path = "Pods/Target Support Files/Pods-AnyTime/Pods-AnyTime.debug.xcconfig"; sourceTree = "<group>"; };
		50AA5C52977D285E3C95380F /* Pods-AnyTimeTests.debug.xcconfig */ = {isa = PBXFileReference; includeInIndex = 1; lastKnownFileType = text.xcconfig; name = "Pods-AnyTimeTests.debug.xcconfig"; path = "Pods/Target Support Files/Pods-AnyTimeTests/Pods-AnyTimeTests.debug.xcconfig"; sourceTree = "<group>"; };
		60E57975B65C320023AD224F /* Pods_AnyTime.framework */ = {isa = PBXFileReference; explicitFileType = wrapper.framework; includeInIndex = 0; path = Pods_AnyTime.framework; sourceTree = BUILT_PRODUCTS_DIR; };
		93776C7A6C2C5441B909D6BD /* Pods_AnyTimeTests.framework */ = {isa = PBXFileReference; explicitFileType = wrapper.framework; includeInIndex = 0; path = Pods_AnyTimeTests.framework; sourceTree = BUILT_PRODUCTS_DIR; };
		BB1C59811F7688F000808529 /* AnyTime.app */ = {isa = PBXFileReference; explicitFileType = wrapper.application; includeInIndex = 0; path = AnyTime.app; sourceTree = BUILT_PRODUCTS_DIR; };
		BB1C59841F7688F000808529 /* AppDelegate.swift */ = {isa = PBXFileReference; lastKnownFileType = sourcecode.swift; path = AppDelegate.swift; sourceTree = "<group>"; };
		BB1C59861F7688F000808529 /* GlanceViewController.swift */ = {isa = PBXFileReference; lastKnownFileType = sourcecode.swift; path = GlanceViewController.swift; sourceTree = "<group>"; };
		BB1C598B1F7688F000808529 /* Assets.xcassets */ = {isa = PBXFileReference; lastKnownFileType = folder.assetcatalog; path = Assets.xcassets; sourceTree = "<group>"; };
		BB1C598E1F7688F000808529 /* Base */ = {isa = PBXFileReference; lastKnownFileType = file.storyboard; name = Base; path = Base.lproj/LaunchScreen.storyboard; sourceTree = "<group>"; };
		BB1C59901F7688F000808529 /* Info.plist */ = {isa = PBXFileReference; lastKnownFileType = text.plist.xml; path = Info.plist; sourceTree = "<group>"; };
		BB1C59951F7688F000808529 /* AnyTimeTests.xctest */ = {isa = PBXFileReference; explicitFileType = wrapper.cfbundle; includeInIndex = 0; path = AnyTimeTests.xctest; sourceTree = BUILT_PRODUCTS_DIR; };
		BB1C59991F7688F000808529 /* AnyTimeTests.swift */ = {isa = PBXFileReference; lastKnownFileType = sourcecode.swift; path = AnyTimeTests.swift; sourceTree = "<group>"; };
		BB1C599B1F7688F000808529 /* Info.plist */ = {isa = PBXFileReference; lastKnownFileType = text.plist.xml; path = Info.plist; sourceTree = "<group>"; };
		BB5BBA181F774E1300C87688 /* Defaults.swift */ = {isa = PBXFileReference; lastKnownFileType = sourcecode.swift; path = Defaults.swift; sourceTree = "<group>"; };
		BB5BBA1A1F7755B500C87688 /* UIView+Frame.swift */ = {isa = PBXFileReference; lastKnownFileType = sourcecode.swift; path = "UIView+Frame.swift"; sourceTree = "<group>"; };
		BB5BBA1C1F778F4100C87688 /* TimeZoneCell.swift */ = {isa = PBXFileReference; lastKnownFileType = sourcecode.swift; path = TimeZoneCell.swift; sourceTree = "<group>"; };
		BB95E0641F789E5500858FD9 /* TimeZone+Offset.swift */ = {isa = PBXFileReference; lastKnownFileType = sourcecode.swift; path = "TimeZone+Offset.swift"; sourceTree = "<group>"; };
		BB95E0661F78A8E700858FD9 /* TimeZoneItem.swift */ = {isa = PBXFileReference; lastKnownFileType = sourcecode.swift; path = TimeZoneItem.swift; sourceTree = "<group>"; };
		BB95E0681F78B6D800858FD9 /* DispatchQueue+Utils.swift */ = {isa = PBXFileReference; lastKnownFileType = sourcecode.swift; path = "DispatchQueue+Utils.swift"; sourceTree = "<group>"; };
		BBE5E5FB1F779FCB00A9F715 /* StepCollectionViewFlowLayout.swift */ = {isa = PBXFileReference; fileEncoding = 4; lastKnownFileType = sourcecode.swift; path = StepCollectionViewFlowLayout.swift; sourceTree = "<group>"; };
		BBE5E5FC1F779FCB00A9F715 /* DateTimePicker.swift */ = {isa = PBXFileReference; fileEncoding = 4; lastKnownFileType = sourcecode.swift; path = DateTimePicker.swift; sourceTree = "<group>"; };
		BBE5E5FD1F779FCB00A9F715 /* DateCollectionViewCell.swift */ = {isa = PBXFileReference; fileEncoding = 4; lastKnownFileType = sourcecode.swift; path = DateCollectionViewCell.swift; sourceTree = "<group>"; };
		BBE5E6041F77E83200A9F715 /* Array+Swap.swift */ = {isa = PBXFileReference; lastKnownFileType = sourcecode.swift; path = "Array+Swap.swift"; sourceTree = "<group>"; };
		BBE5E6061F7883E200A9F715 /* TimezonesViewController.swift */ = {isa = PBXFileReference; lastKnownFileType = sourcecode.swift; path = TimezonesViewController.swift; sourceTree = "<group>"; };
		BBE5E6081F7883EE00A9F715 /* SettingsViewController.swift */ = {isa = PBXFileReference; lastKnownFileType = sourcecode.swift; path = SettingsViewController.swift; sourceTree = "<group>"; };
		CBA4A04FE2BB193C59B31EA4 /* Pods-AnyTime.release.xcconfig */ = {isa = PBXFileReference; includeInIndex = 1; lastKnownFileType = text.xcconfig; name = "Pods-AnyTime.release.xcconfig"; path = "Pods/Target Support Files/Pods-AnyTime/Pods-AnyTime.release.xcconfig"; sourceTree = "<group>"; };
/* End PBXFileReference section */

/* Begin PBXFrameworksBuildPhase section */
		BB1C597E1F7688F000808529 /* Frameworks */ = {
			isa = PBXFrameworksBuildPhase;
			buildActionMask = 2147483647;
			files = (
				E395941816C98D44E9E9796F /* Pods_AnyTime.framework in Frameworks */,
			);
			runOnlyForDeploymentPostprocessing = 0;
		};
		BB1C59921F7688F000808529 /* Frameworks */ = {
			isa = PBXFrameworksBuildPhase;
			buildActionMask = 2147483647;
			files = (
				22DEC68C9599669BB0886F43 /* Pods_AnyTimeTests.framework in Frameworks */,
			);
			runOnlyForDeploymentPostprocessing = 0;
		};
/* End PBXFrameworksBuildPhase section */

/* Begin PBXGroup section */
		A188EAFC066CAC20694C72E6 /* Frameworks */ = {
			isa = PBXGroup;
			children = (
				60E57975B65C320023AD224F /* Pods_AnyTime.framework */,
				93776C7A6C2C5441B909D6BD /* Pods_AnyTimeTests.framework */,
			);
			name = Frameworks;
			sourceTree = "<group>";
		};
		BB1C59781F7688F000808529 = {
			isa = PBXGroup;
			children = (
				BB1C59831F7688F000808529 /* AnyTime */,
				BB1C59981F7688F000808529 /* AnyTimeTests */,
				BB1C59821F7688F000808529 /* Products */,
				EEC869C210A1671350B43A30 /* Pods */,
				A188EAFC066CAC20694C72E6 /* Frameworks */,
			);
			sourceTree = "<group>";
		};
		BB1C59821F7688F000808529 /* Products */ = {
			isa = PBXGroup;
			children = (
				BB1C59811F7688F000808529 /* AnyTime.app */,
				BB1C59951F7688F000808529 /* AnyTimeTests.xctest */,
			);
			name = Products;
			sourceTree = "<group>";
		};
		BB1C59831F7688F000808529 /* AnyTime */ = {
			isa = PBXGroup;
			children = (
				BB1C59841F7688F000808529 /* AppDelegate.swift */,
				BBE5E5FA1F779FCB00A9F715 /* DateTimePicker */,
				BBE5E60A1F7887F000A9F715 /* View */,
				BBE5E60B1F78880800A9F715 /* Utils */,
				BB1C598B1F7688F000808529 /* Assets.xcassets */,
				BB1C598D1F7688F000808529 /* LaunchScreen.storyboard */,
				BB1C59901F7688F000808529 /* Info.plist */,
			);
			path = AnyTime;
			sourceTree = "<group>";
		};
		BB1C59981F7688F000808529 /* AnyTimeTests */ = {
			isa = PBXGroup;
			children = (
				BB1C59991F7688F000808529 /* AnyTimeTests.swift */,
				BB1C599B1F7688F000808529 /* Info.plist */,
			);
			path = AnyTimeTests;
			sourceTree = "<group>";
		};
		BBE5E5FA1F779FCB00A9F715 /* DateTimePicker */ = {
			isa = PBXGroup;
			children = (
				BBE5E5FB1F779FCB00A9F715 /* StepCollectionViewFlowLayout.swift */,
				BBE5E5FC1F779FCB00A9F715 /* DateTimePicker.swift */,
				BBE5E5FD1F779FCB00A9F715 /* DateCollectionViewCell.swift */,
			);
			path = DateTimePicker;
			sourceTree = "<group>";
		};
		BBE5E60A1F7887F000A9F715 /* View */ = {
			isa = PBXGroup;
			children = (
				BB95E0661F78A8E700858FD9 /* TimeZoneItem.swift */,
				BB5BBA1C1F778F4100C87688 /* TimeZoneCell.swift */,
				BB1C59861F7688F000808529 /* GlanceViewController.swift */,
				BBE5E6061F7883E200A9F715 /* TimezonesViewController.swift */,
				BBE5E6081F7883EE00A9F715 /* SettingsViewController.swift */,
			);
			path = View;
			sourceTree = "<group>";
		};
		BBE5E60B1F78880800A9F715 /* Utils */ = {
			isa = PBXGroup;
			children = (
				BBE5E6041F77E83200A9F715 /* Array+Swap.swift */,
				BB5BBA181F774E1300C87688 /* Defaults.swift */,
				BB5BBA1A1F7755B500C87688 /* UIView+Frame.swift */,
				BB95E0641F789E5500858FD9 /* TimeZone+Offset.swift */,
				BB95E0681F78B6D800858FD9 /* DispatchQueue+Utils.swift */,
			);
			path = Utils;
			sourceTree = "<group>";
		};
		EEC869C210A1671350B43A30 /* Pods */ = {
			isa = PBXGroup;
			children = (
				25C6351D94FA2885C0F76D4D /* Pods-AnyTime.debug.xcconfig */,
				CBA4A04FE2BB193C59B31EA4 /* Pods-AnyTime.release.xcconfig */,
				50AA5C52977D285E3C95380F /* Pods-AnyTimeTests.debug.xcconfig */,
				20CB0512E459A19C3444A8CC /* Pods-AnyTimeTests.release.xcconfig */,
			);
			name = Pods;
			sourceTree = "<group>";
		};
/* End PBXGroup section */

/* Begin PBXNativeTarget section */
		BB1C59801F7688F000808529 /* AnyTime */ = {
			isa = PBXNativeTarget;
			buildConfigurationList = BB1C599E1F7688F000808529 /* Build configuration list for PBXNativeTarget "AnyTime" */;
			buildPhases = (
				46E1C14B021917B6E81E5499 /* [CP] Check Pods Manifest.lock */,
				BBE5E6011F77DC8A00A9F715 /* swift lint */,
				BB1C597D1F7688F000808529 /* Sources */,
				BB1C597E1F7688F000808529 /* Frameworks */,
				BB1C597F1F7688F000808529 /* Resources */,
				0BFACACD2F9EDD744762668B /* [CP] Embed Pods Frameworks */,
				D868086E35377562D25A04E2 /* [CP] Copy Pods Resources */,
			);
			buildRules = (
			);
			dependencies = (
			);
			name = AnyTime;
			productName = AnyTime;
			productReference = BB1C59811F7688F000808529 /* AnyTime.app */;
			productType = "com.apple.product-type.application";
		};
		BB1C59941F7688F000808529 /* AnyTimeTests */ = {
			isa = PBXNativeTarget;
			buildConfigurationList = BB1C59A11F7688F000808529 /* Build configuration list for PBXNativeTarget "AnyTimeTests" */;
			buildPhases = (
				CAA7F02001BE78D09AF264CE /* [CP] Check Pods Manifest.lock */,
				BB1C59911F7688F000808529 /* Sources */,
				BB1C59921F7688F000808529 /* Frameworks */,
				BB1C59931F7688F000808529 /* Resources */,
				B8272762C39098D804EAF007 /* [CP] Embed Pods Frameworks */,
				270DA8EE9B29A139B8218B98 /* [CP] Copy Pods Resources */,
			);
			buildRules = (
			);
			dependencies = (
				BB1C59971F7688F000808529 /* PBXTargetDependency */,
			);
			name = AnyTimeTests;
			productName = AnyTimeTests;
			productReference = BB1C59951F7688F000808529 /* AnyTimeTests.xctest */;
			productType = "com.apple.product-type.bundle.unit-test";
		};
/* End PBXNativeTarget section */

/* Begin PBXProject section */
		BB1C59791F7688F000808529 /* Project object */ = {
			isa = PBXProject;
			attributes = {
				LastSwiftUpdateCheck = 0900;
				LastUpgradeCheck = 0900;
				ORGANIZATIONNAME = "Tao Xu";
				TargetAttributes = {
					BB1C59801F7688F000808529 = {
						CreatedOnToolsVersion = 9.0;
						ProvisioningStyle = Automatic;
					};
					BB1C59941F7688F000808529 = {
						CreatedOnToolsVersion = 9.0;
						ProvisioningStyle = Automatic;
						TestTargetID = BB1C59801F7688F000808529;
					};
				};
			};
			buildConfigurationList = BB1C597C1F7688F000808529 /* Build configuration list for PBXProject "AnyTime" */;
			compatibilityVersion = "Xcode 8.0";
			developmentRegion = en;
			hasScannedForEncodings = 0;
			knownRegions = (
				en,
				Base,
			);
			mainGroup = BB1C59781F7688F000808529;
			productRefGroup = BB1C59821F7688F000808529 /* Products */;
			projectDirPath = "";
			projectRoot = "";
			targets = (
				BB1C59801F7688F000808529 /* AnyTime */,
				BB1C59941F7688F000808529 /* AnyTimeTests */,
			);
		};
/* End PBXProject section */

/* Begin PBXResourcesBuildPhase section */
		BB1C597F1F7688F000808529 /* Resources */ = {
			isa = PBXResourcesBuildPhase;
			buildActionMask = 2147483647;
			files = (
				BB1C598F1F7688F000808529 /* LaunchScreen.storyboard in Resources */,
				BB1C598C1F7688F000808529 /* Assets.xcassets in Resources */,
			);
			runOnlyForDeploymentPostprocessing = 0;
		};
		BB1C59931F7688F000808529 /* Resources */ = {
			isa = PBXResourcesBuildPhase;
			buildActionMask = 2147483647;
			files = (
			);
			runOnlyForDeploymentPostprocessing = 0;
		};
/* End PBXResourcesBuildPhase section */

/* Begin PBXShellScriptBuildPhase section */
		0BFACACD2F9EDD744762668B /* [CP] Embed Pods Frameworks */ = {
			isa = PBXShellScriptBuildPhase;
			buildActionMask = 2147483647;
			files = (
			);
			inputPaths = (
				"${SRCROOT}/Pods/Target Support Files/Pods-AnyTime/Pods-AnyTime-frameworks.sh",
				"${BUILT_PRODUCTS_DIR}/Colours/Colours.framework",
				"${BUILT_PRODUCTS_DIR}/FontAwesomeKit/FontAwesomeKit.framework",
				"${BUILT_PRODUCTS_DIR}/MarqueeLabel/MarqueeLabel.framework",
				"${BUILT_PRODUCTS_DIR}/NotificationBannerSwift/NotificationBannerSwift.framework",
				"${BUILT_PRODUCTS_DIR}/Reusable/Reusable.framework",
				"${BUILT_PRODUCTS_DIR}/SnapKit/SnapKit.framework",
				"${BUILT_PRODUCTS_DIR}/SwiftyUserDefaults/SwiftyUserDefaults.framework",
			);
			name = "[CP] Embed Pods Frameworks";
			outputPaths = (
				"${TARGET_BUILD_DIR}/${FRAMEWORKS_FOLDER_PATH}/Colours.framework",
				"${TARGET_BUILD_DIR}/${FRAMEWORKS_FOLDER_PATH}/FontAwesomeKit.framework",
				"${TARGET_BUILD_DIR}/${FRAMEWORKS_FOLDER_PATH}/MarqueeLabel.framework",
				"${TARGET_BUILD_DIR}/${FRAMEWORKS_FOLDER_PATH}/NotificationBannerSwift.framework",
				"${TARGET_BUILD_DIR}/${FRAMEWORKS_FOLDER_PATH}/Reusable.framework",
				"${TARGET_BUILD_DIR}/${FRAMEWORKS_FOLDER_PATH}/SnapKit.framework",
				"${TARGET_BUILD_DIR}/${FRAMEWORKS_FOLDER_PATH}/SwiftyUserDefaults.framework",
			);
			runOnlyForDeploymentPostprocessing = 0;
			shellPath = /bin/sh;
			shellScript = "\"${SRCROOT}/Pods/Target Support Files/Pods-AnyTime/Pods-AnyTime-frameworks.sh\"\n";
			showEnvVarsInLog = 0;
		};
		270DA8EE9B29A139B8218B98 /* [CP] Copy Pods Resources */ = {
			isa = PBXShellScriptBuildPhase;
			buildActionMask = 2147483647;
			files = (
			);
			inputPaths = (
			);
			name = "[CP] Copy Pods Resources";
			outputPaths = (
			);
			runOnlyForDeploymentPostprocessing = 0;
			shellPath = /bin/sh;
			shellScript = "\"${SRCROOT}/Pods/Target Support Files/Pods-AnyTimeTests/Pods-AnyTimeTests-resources.sh\"\n";
			showEnvVarsInLog = 0;
		};
		46E1C14B021917B6E81E5499 /* [CP] Check Pods Manifest.lock */ = {
			isa = PBXShellScriptBuildPhase;
			buildActionMask = 2147483647;
			files = (
			);
			inputPaths = (
				"${PODS_PODFILE_DIR_PATH}/Podfile.lock",
				"${PODS_ROOT}/Manifest.lock",
			);
			name = "[CP] Check Pods Manifest.lock";
			outputPaths = (
				"$(DERIVED_FILE_DIR)/Pods-AnyTime-checkManifestLockResult.txt",
			);
			runOnlyForDeploymentPostprocessing = 0;
			shellPath = /bin/sh;
			shellScript = "diff \"${PODS_PODFILE_DIR_PATH}/Podfile.lock\" \"${PODS_ROOT}/Manifest.lock\" > /dev/null\nif [ $? != 0 ] ; then\n    # print error to STDERR\n    echo \"error: The sandbox is not in sync with the Podfile.lock. Run 'pod install' or update your CocoaPods installation.\" >&2\n    exit 1\nfi\n# This output is used by Xcode 'outputs' to avoid re-running this script phase.\necho \"SUCCESS\" > \"${SCRIPT_OUTPUT_FILE_0}\"\n";
			showEnvVarsInLog = 0;
		};
		B8272762C39098D804EAF007 /* [CP] Embed Pods Frameworks */ = {
			isa = PBXShellScriptBuildPhase;
			buildActionMask = 2147483647;
			files = (
			);
			inputPaths = (
			);
			name = "[CP] Embed Pods Frameworks";
			outputPaths = (
			);
			runOnlyForDeploymentPostprocessing = 0;
			shellPath = /bin/sh;
			shellScript = "\"${SRCROOT}/Pods/Target Support Files/Pods-AnyTimeTests/Pods-AnyTimeTests-frameworks.sh\"\n";
			showEnvVarsInLog = 0;
		};
		BBE5E6011F77DC8A00A9F715 /* swift lint */ = {
			isa = PBXShellScriptBuildPhase;
			buildActionMask = 2147483647;
			files = (
			);
			inputPaths = (
			);
			name = "swift lint";
			outputPaths = (
			);
			runOnlyForDeploymentPostprocessing = 0;
			shellPath = /bin/sh;
			shellScript = "if which swiftlint >/dev/null; then\n    swiftlint\nelse\n    echo \"warning: SwiftLint not installed, download from https://github.com/realm/SwiftLint\"\nfi";
		};
		CAA7F02001BE78D09AF264CE /* [CP] Check Pods Manifest.lock */ = {
			isa = PBXShellScriptBuildPhase;
			buildActionMask = 2147483647;
			files = (
			);
			inputPaths = (
				"${PODS_PODFILE_DIR_PATH}/Podfile.lock",
				"${PODS_ROOT}/Manifest.lock",
			);
			name = "[CP] Check Pods Manifest.lock";
			outputPaths = (
				"$(DERIVED_FILE_DIR)/Pods-AnyTimeTests-checkManifestLockResult.txt",
			);
			runOnlyForDeploymentPostprocessing = 0;
			shellPath = /bin/sh;
			shellScript = "diff \"${PODS_PODFILE_DIR_PATH}/Podfile.lock\" \"${PODS_ROOT}/Manifest.lock\" > /dev/null\nif [ $? != 0 ] ; then\n    # print error to STDERR\n    echo \"error: The sandbox is not in sync with the Podfile.lock. Run 'pod install' or update your CocoaPods installation.\" >&2\n    exit 1\nfi\n# This output is used by Xcode 'outputs' to avoid re-running this script phase.\necho \"SUCCESS\" > \"${SCRIPT_OUTPUT_FILE_0}\"\n";
			showEnvVarsInLog = 0;
		};
		D868086E35377562D25A04E2 /* [CP] Copy Pods Resources */ = {
			isa = PBXShellScriptBuildPhase;
			buildActionMask = 2147483647;
			files = (
			);
			inputPaths = (
			);
			name = "[CP] Copy Pods Resources";
			outputPaths = (
			);
			runOnlyForDeploymentPostprocessing = 0;
			shellPath = /bin/sh;
			shellScript = "\"${SRCROOT}/Pods/Target Support Files/Pods-AnyTime/Pods-AnyTime-resources.sh\"\n";
			showEnvVarsInLog = 0;
		};
/* End PBXShellScriptBuildPhase section */

/* Begin PBXSourcesBuildPhase section */
		BB1C597D1F7688F000808529 /* Sources */ = {
			isa = PBXSourcesBuildPhase;
			buildActionMask = 2147483647;
			files = (
				BBE5E6051F77E83200A9F715 /* Array+Swap.swift in Sources */,
				BB5BBA1B1F7755B500C87688 /* UIView+Frame.swift in Sources */,
				BBE5E6091F7883EE00A9F715 /* SettingsViewController.swift in Sources */,
				BB5BBA191F774E1300C87688 /* Defaults.swift in Sources */,
				BBE5E6071F7883E200A9F715 /* TimezonesViewController.swift in Sources */,
				BB95E0651F789E5500858FD9 /* TimeZone+Offset.swift in Sources */,
				BBE5E5FE1F779FCB00A9F715 /* StepCollectionViewFlowLayout.swift in Sources */,
				BB95E0691F78B6D800858FD9 /* DispatchQueue+Utils.swift in Sources */,
				BBE5E5FF1F779FCB00A9F715 /* DateTimePicker.swift in Sources */,
				BBE5E6001F779FCB00A9F715 /* DateCollectionViewCell.swift in Sources */,
				BB5BBA1D1F778F4100C87688 /* TimeZoneCell.swift in Sources */,
				BB1C59871F7688F000808529 /* GlanceViewController.swift in Sources */,
				BB95E0671F78A8E700858FD9 /* TimeZoneItem.swift in Sources */,
				BB1C59851F7688F000808529 /* AppDelegate.swift in Sources */,
			);
			runOnlyForDeploymentPostprocessing = 0;
		};
		BB1C59911F7688F000808529 /* Sources */ = {
			isa = PBXSourcesBuildPhase;
			buildActionMask = 2147483647;
			files = (
				BB1C599A1F7688F000808529 /* AnyTimeTests.swift in Sources */,
			);
			runOnlyForDeploymentPostprocessing = 0;
		};
/* End PBXSourcesBuildPhase section */

/* Begin PBXTargetDependency section */
		BB1C59971F7688F000808529 /* PBXTargetDependency */ = {
			isa = PBXTargetDependency;
			target = BB1C59801F7688F000808529 /* AnyTime */;
			targetProxy = BB1C59961F7688F000808529 /* PBXContainerItemProxy */;
		};
/* End PBXTargetDependency section */

/* Begin PBXVariantGroup section */
		BB1C598D1F7688F000808529 /* LaunchScreen.storyboard */ = {
			isa = PBXVariantGroup;
			children = (
				BB1C598E1F7688F000808529 /* Base */,
			);
			name = LaunchScreen.storyboard;
			sourceTree = "<group>";
		};
/* End PBXVariantGroup section */

/* Begin XCBuildConfiguration section */
		BB1C599C1F7688F000808529 /* Debug */ = {
			isa = XCBuildConfiguration;
			buildSettings = {
				ALWAYS_SEARCH_USER_PATHS = NO;
				CLANG_ANALYZER_NONNULL = YES;
				CLANG_ANALYZER_NUMBER_OBJECT_CONVERSION = YES_AGGRESSIVE;
				CLANG_CXX_LANGUAGE_STANDARD = "gnu++14";
				CLANG_CXX_LIBRARY = "libc++";
				CLANG_ENABLE_MODULES = YES;
				CLANG_ENABLE_OBJC_ARC = YES;
				CLANG_WARN_BLOCK_CAPTURE_AUTORELEASING = YES;
				CLANG_WARN_BOOL_CONVERSION = YES;
				CLANG_WARN_COMMA = YES;
				CLANG_WARN_CONSTANT_CONVERSION = YES;
				CLANG_WARN_DIRECT_OBJC_ISA_USAGE = YES_ERROR;
				CLANG_WARN_DOCUMENTATION_COMMENTS = YES;
				CLANG_WARN_EMPTY_BODY = YES;
				CLANG_WARN_ENUM_CONVERSION = YES;
				CLANG_WARN_INFINITE_RECURSION = YES;
				CLANG_WARN_INT_CONVERSION = YES;
				CLANG_WARN_NON_LITERAL_NULL_CONVERSION = YES;
				CLANG_WARN_OBJC_LITERAL_CONVERSION = YES;
				CLANG_WARN_OBJC_ROOT_CLASS = YES_ERROR;
				CLANG_WARN_RANGE_LOOP_ANALYSIS = YES;
				CLANG_WARN_STRICT_PROTOTYPES = YES;
				CLANG_WARN_SUSPICIOUS_MOVE = YES;
				CLANG_WARN_UNGUARDED_AVAILABILITY = YES_AGGRESSIVE;
				CLANG_WARN_UNREACHABLE_CODE = YES;
				CLANG_WARN__DUPLICATE_METHOD_MATCH = YES;
				CODE_SIGN_IDENTITY = "iPhone Developer";
				COPY_PHASE_STRIP = NO;
				DEBUG_INFORMATION_FORMAT = dwarf;
				ENABLE_STRICT_OBJC_MSGSEND = YES;
				ENABLE_TESTABILITY = YES;
				GCC_C_LANGUAGE_STANDARD = gnu11;
				GCC_DYNAMIC_NO_PIC = NO;
				GCC_NO_COMMON_BLOCKS = YES;
				GCC_OPTIMIZATION_LEVEL = 0;
				GCC_PREPROCESSOR_DEFINITIONS = (
					"DEBUG=1",
					"$(inherited)",
				);
				GCC_WARN_64_TO_32_BIT_CONVERSION = YES;
				GCC_WARN_ABOUT_RETURN_TYPE = YES_ERROR;
				GCC_WARN_UNDECLARED_SELECTOR = YES;
				GCC_WARN_UNINITIALIZED_AUTOS = YES_AGGRESSIVE;
				GCC_WARN_UNUSED_FUNCTION = YES;
				GCC_WARN_UNUSED_VARIABLE = YES;
				IPHONEOS_DEPLOYMENT_TARGET = 10.0;
				MTL_ENABLE_DEBUG_INFO = YES;
				ONLY_ACTIVE_ARCH = YES;
				SDKROOT = iphoneos;
				SWIFT_ACTIVE_COMPILATION_CONDITIONS = DEBUG;
				SWIFT_OPTIMIZATION_LEVEL = "-Onone";
			};
			name = Debug;
		};
		BB1C599D1F7688F000808529 /* Release */ = {
			isa = XCBuildConfiguration;
			buildSettings = {
				ALWAYS_SEARCH_USER_PATHS = NO;
				CLANG_ANALYZER_NONNULL = YES;
				CLANG_ANALYZER_NUMBER_OBJECT_CONVERSION = YES_AGGRESSIVE;
				CLANG_CXX_LANGUAGE_STANDARD = "gnu++14";
				CLANG_CXX_LIBRARY = "libc++";
				CLANG_ENABLE_MODULES = YES;
				CLANG_ENABLE_OBJC_ARC = YES;
				CLANG_WARN_BLOCK_CAPTURE_AUTORELEASING = YES;
				CLANG_WARN_BOOL_CONVERSION = YES;
				CLANG_WARN_COMMA = YES;
				CLANG_WARN_CONSTANT_CONVERSION = YES;
				CLANG_WARN_DIRECT_OBJC_ISA_USAGE = YES_ERROR;
				CLANG_WARN_DOCUMENTATION_COMMENTS = YES;
				CLANG_WARN_EMPTY_BODY = YES;
				CLANG_WARN_ENUM_CONVERSION = YES;
				CLANG_WARN_INFINITE_RECURSION = YES;
				CLANG_WARN_INT_CONVERSION = YES;
				CLANG_WARN_NON_LITERAL_NULL_CONVERSION = YES;
				CLANG_WARN_OBJC_LITERAL_CONVERSION = YES;
				CLANG_WARN_OBJC_ROOT_CLASS = YES_ERROR;
				CLANG_WARN_RANGE_LOOP_ANALYSIS = YES;
				CLANG_WARN_STRICT_PROTOTYPES = YES;
				CLANG_WARN_SUSPICIOUS_MOVE = YES;
				CLANG_WARN_UNGUARDED_AVAILABILITY = YES_AGGRESSIVE;
				CLANG_WARN_UNREACHABLE_CODE = YES;
				CLANG_WARN__DUPLICATE_METHOD_MATCH = YES;
				CODE_SIGN_IDENTITY = "iPhone Developer";
				COPY_PHASE_STRIP = NO;
				DEBUG_INFORMATION_FORMAT = "dwarf-with-dsym";
				ENABLE_NS_ASSERTIONS = NO;
				ENABLE_STRICT_OBJC_MSGSEND = YES;
				GCC_C_LANGUAGE_STANDARD = gnu11;
				GCC_NO_COMMON_BLOCKS = YES;
				GCC_WARN_64_TO_32_BIT_CONVERSION = YES;
				GCC_WARN_ABOUT_RETURN_TYPE = YES_ERROR;
				GCC_WARN_UNDECLARED_SELECTOR = YES;
				GCC_WARN_UNINITIALIZED_AUTOS = YES_AGGRESSIVE;
				GCC_WARN_UNUSED_FUNCTION = YES;
				GCC_WARN_UNUSED_VARIABLE = YES;
				IPHONEOS_DEPLOYMENT_TARGET = 10.0;
				MTL_ENABLE_DEBUG_INFO = NO;
				SDKROOT = iphoneos;
				SWIFT_OPTIMIZATION_LEVEL = "-Owholemodule";
				VALIDATE_PRODUCT = YES;
			};
			name = Release;
		};
		BB1C599F1F7688F000808529 /* Debug */ = {
			isa = XCBuildConfiguration;
			baseConfigurationReference = 25C6351D94FA2885C0F76D4D /* Pods-AnyTime.debug.xcconfig */;
			buildSettings = {
				ASSETCATALOG_COMPILER_APPICON_NAME = AppIcon;
				CODE_SIGN_STYLE = Automatic;
				DEVELOPMENT_TEAM = FH9QG7ZJR9;
				INFOPLIST_FILE = AnyTime/Info.plist;
				LD_RUNPATH_SEARCH_PATHS = "$(inherited) @executable_path/Frameworks";
				PRODUCT_BUNDLE_IDENTIFIER = in.fourplex.AnyTime;
				PRODUCT_NAME = "$(TARGET_NAME)";
				SWIFT_VERSION = 4.0;
				TARGETED_DEVICE_FAMILY = "1,2";
			};
			name = Debug;
		};
		BB1C59A01F7688F000808529 /* Release */ = {
			isa = XCBuildConfiguration;
			baseConfigurationReference = CBA4A04FE2BB193C59B31EA4 /* Pods-AnyTime.release.xcconfig */;
			buildSettings = {
				ASSETCATALOG_COMPILER_APPICON_NAME = AppIcon;
				CODE_SIGN_STYLE = Automatic;
				DEVELOPMENT_TEAM = FH9QG7ZJR9;
				INFOPLIST_FILE = AnyTime/Info.plist;
				LD_RUNPATH_SEARCH_PATHS = "$(inherited) @executable_path/Frameworks";
				PRODUCT_BUNDLE_IDENTIFIER = in.fourplex.AnyTime;
				PRODUCT_NAME = "$(TARGET_NAME)";
				SWIFT_VERSION = 4.0;
				TARGETED_DEVICE_FAMILY = "1,2";
			};
			name = Release;
		};
		BB1C59A21F7688F000808529 /* Debug */ = {
			isa = XCBuildConfiguration;
			baseConfigurationReference = 50AA5C52977D285E3C95380F /* Pods-AnyTimeTests.debug.xcconfig */;
			buildSettings = {
				ALWAYS_EMBED_SWIFT_STANDARD_LIBRARIES = YES;
				BUNDLE_LOADER = "$(TEST_HOST)";
				CODE_SIGN_STYLE = Automatic;
				DEVELOPMENT_TEAM = FH9QG7ZJR9;
				INFOPLIST_FILE = AnyTimeTests/Info.plist;
				LD_RUNPATH_SEARCH_PATHS = "$(inherited) @executable_path/Frameworks @loader_path/Frameworks";
				PRODUCT_BUNDLE_IDENTIFIER = in.fourplex.AnyTimeTests;
				PRODUCT_NAME = "$(TARGET_NAME)";
				SWIFT_VERSION = 4.0;
				TARGETED_DEVICE_FAMILY = "1,2";
				TEST_HOST = "$(BUILT_PRODUCTS_DIR)/AnyTime.app/AnyTime";
			};
			name = Debug;
		};
		BB1C59A31F7688F000808529 /* Release */ = {
			isa = XCBuildConfiguration;
			baseConfigurationReference = 20CB0512E459A19C3444A8CC /* Pods-AnyTimeTests.release.xcconfig */;
			buildSettings = {
				ALWAYS_EMBED_SWIFT_STANDARD_LIBRARIES = YES;
				BUNDLE_LOADER = "$(TEST_HOST)";
				CODE_SIGN_STYLE = Automatic;
				DEVELOPMENT_TEAM = FH9QG7ZJR9;
				INFOPLIST_FILE = AnyTimeTests/Info.plist;
				LD_RUNPATH_SEARCH_PATHS = "$(inherited) @executable_path/Frameworks @loader_path/Frameworks";
				PRODUCT_BUNDLE_IDENTIFIER = in.fourplex.AnyTimeTests;
				PRODUCT_NAME = "$(TARGET_NAME)";
				SWIFT_VERSION = 4.0;
				TARGETED_DEVICE_FAMILY = "1,2";
				TEST_HOST = "$(BUILT_PRODUCTS_DIR)/AnyTime.app/AnyTime";
			};
			name = Release;
		};
/* End XCBuildConfiguration section */

/* Begin XCConfigurationList section */
		BB1C597C1F7688F000808529 /* Build configuration list for PBXProject "AnyTime" */ = {
			isa = XCConfigurationList;
			buildConfigurations = (
				BB1C599C1F7688F000808529 /* Debug */,
				BB1C599D1F7688F000808529 /* Release */,
			);
			defaultConfigurationIsVisible = 0;
			defaultConfigurationName = Release;
		};
		BB1C599E1F7688F000808529 /* Build configuration list for PBXNativeTarget "AnyTime" */ = {
			isa = XCConfigurationList;
			buildConfigurations = (
				BB1C599F1F7688F000808529 /* Debug */,
				BB1C59A01F7688F000808529 /* Release */,
			);
			defaultConfigurationIsVisible = 0;
			defaultConfigurationName = Release;
		};
		BB1C59A11F7688F000808529 /* Build configuration list for PBXNativeTarget "AnyTimeTests" */ = {
			isa = XCConfigurationList;
			buildConfigurations = (
				BB1C59A21F7688F000808529 /* Debug */,
				BB1C59A31F7688F000808529 /* Release */,
			);
			defaultConfigurationIsVisible = 0;
			defaultConfigurationName = Release;
		};
/* End XCConfigurationList section */
	};
	rootObject = BB1C59791F7688F000808529 /* Project object */;
}
